github.com/diSpdremk/simple-map v0.0.2 h1:HwqsyfGjIRP/ehiwARYJLzjlBVpunRK2B33lRE7Gl/Y=
github.com/diSpdremk/simple-map v0.0.2/go.mod h1:smL0B9WJ0HOsIdxs7IthBxlBM3l+DzNPxfcZCk4DFiQ=
github.com/zhenjl/cityhash v0.0.0-20131128155616-cdd6a94144ab h1:BWHvAOZz0pBILkGl/ebPQKZDrqbaWj/iN9RE8AvaTvg=
github.com/zhenjl/cityhash v0.0.0-20131128155616-cdd6a94144ab/go.mod h1:P6L88wrqK99Njntah9SB7AyzFpUXsXYq06LkjixxQmY=
